
Microsoft Visual Studio Solution File, Format Version 12.00
# Visual Studio Version 16
VisualStudioVersion = 16.0.29911.84
MinimumVisualStudioVersion = 10.0.40219.1
Project("{8BC9CEB8-8B4A-11D0-8D11-00A0C91BC942}") = "mpl-cpp-lab1", "mpl-cpp-lab1\mpl-cpp-lab1.vcxproj", "{EC3759BF-8A8C-4F9E-89EE-DB23BF288A80}"
EndProject
Global
	GlobalSection(SolutionConfigurationPlatforms) = preSolution
		Debug|x64 = Debug|x64
		Debug|x86 = Debug|x86
		Release|x64 = Release|x64
		Release|x86 = Release|x86
	EndGlobalSection
	GlobalSection(ProjectConfigurationPlatforms) = postSolution
		{EC3759BF-8A8C-4F9E-89EE-DB23BF288A80}.Debug|x64.ActiveCfg = Debug|x64
		{EC3759BF-8A8C-4F9E-89EE-DB23BF288A80}.Debug|x64.Build.0 = Debug|x64
		{EC3759BF-8A8C-4F9E-89EE-DB23BF288A80}.Debug|x86.ActiveCfg = Debug|Win32
		{EC3759BF-8A8C-4F9E-89EE-DB23BF288A80}.Debug|x86.Build.0 = Debug|Win32
		{EC3759BF-8A8C-4F9E-89EE-DB23BF288A80}.Release|x64.ActiveCfg = Release|x64
		{EC3759BF-8A8C-4F9E-89EE-DB23BF288A80}.Release|x64.Build.0 = Release|x64
		{EC3759BF-8A8C-4F9E-89EE-DB23BF288A80}.Release|x86.ActiveCfg = Release|Win32
		{EC3759BF-8A8C-4F9E-89EE-DB23BF288A80}.Release|x86.Build.0 = Release|Win32
	EndGlobalSection
	GlobalSection(SolutionProperties) = preSolution
		HideSolutionNode = FALSE
	EndGlobalSection
	GlobalSection(ExtensibilityGlobals) = postSolution
		SolutionGuid = {C4E9BC64-0062-4E9A-A2D5-E31259CF87ED}
	EndGlobalSection
EndGlobal
